
Microsoft Visual Studio Solution File, Format Version 12.00
# Visual Studio Version 16
VisualStudioVersion = 16.0.30517.126
MinimumVisualStudioVersion = 10.0.40219.1
Project("{FAE04EC0-301F-11D3-BF4B-00C04F79EFBC}") = "Network", "Network\Network.csproj", "{830BC3DD-6071-4CEC-A6B6-E9BACBE043F0}"
EndProject
Global
	GlobalSection(SolutionConfigurationPlatforms) = preSolution
		Debug|Any CPU = Debug|Any CPU
		Release|Any CPU = Release|Any CPU
	EndGlobalSection
	GlobalSection(ProjectConfigurationPlatforms) = postSolution
		{830BC3DD-6071-4CEC-A6B6-E9BACBE043F0}.Debug|Any CPU.ActiveCfg = Debug|Any CPU
		{830BC3DD-6071-4CEC-A6B6-E9BACBE043F0}.Debug|Any CPU.Build.0 = Debug|Any CPU
		{830BC3DD-6071-4CEC-A6B6-E9BACBE043F0}.Release|Any CPU.ActiveCfg = Release|Any CPU
		{830BC3DD-6071-4CEC-A6B6-E9BACBE043F0}.Release|Any CPU.Build.0 = Release|Any CPU
	EndGlobalSection
	GlobalSection(SolutionProperties) = preSolution
		HideSolutionNode = FALSE
	EndGlobalSection
	GlobalSection(ExtensibilityGlobals) = postSolution
		SolutionGuid = {C1F5F75F-5FFD-4541-8E15-46F4BDFD4EED}
	EndGlobalSection
EndGlobal
